<?xml version="1.0" encoding="utf-8"?>
<Project ToolsVersion="4.0" xmlns="http://schemas.microsoft.com/developer/msbuild/2003">
  <ItemGroup>
    <Filter Include="Source Files">
      <UniqueIdentifier>{4FC737F1-C7A5-4376-A066-2A32D752A2FF}</UniqueIdentifier>
      <Extensions>cpp;c;cc;cxx;def;odl;idl;hpj;bat;asm;asmx</Extensions>
    </Filter>
    <Filter Include="Header Files">
      <UniqueIdentifier>{93995380-89BD-4b04-88EB-625FBE52EBFB}</UniqueIdentifier>
      <Extensions>h;hh;hpp;hxx;hm;inl;inc;xsd</Extensions>
    </Filter>
    <Filter Include="Resource Files">
      <UniqueIdentifier>{67DA6AB6-F800-4c08-8B7A-83BB121AAD01}</UniqueIdentifier>
      <Extensions>rc;ico;cur;bmp;dlg;rc2;rct;bin;rgs;gif;jpg;jpeg;jpe;resx;tiff;tif;png;wav</Extensions>
    </Filter>
  </ItemGroup>
  <ItemGroup>
    <ClCompile Include="Actors.cpp">
      <Filter>Source Files</Filter>
    </ClCompile>
    <ClCompile Include="main.cpp">
      <Filter>Source Files</Filter>
    </ClCompile>
    <ClCompile Include="physics.cpp">
      <Filter>Source Files</Filter>
    </ClCompile>
    <ClCompile Include="vulkandescriptorhelpers.cpp">
      <Filter>Source Files</Filter>
    </ClCompile>
    <ClCompile Include="vulkanresourcehelpers.cpp">
      <Filter>Source Files</Filter>
    </ClCompile>
    <ClCompile Include="..\..\repos\imguistuff\imgui\imgui.cpp">
      <Filter>Source Files</Filter>
    </ClCompile>
    <ClCompile Include="..\..\repos\imguistuff\imgui\imgui_demo.cpp">
      <Filter>Source Files</Filter>
    </ClCompile>
    <ClCompile Include="..\..\repos\imguistuff\imgui\imgui_draw.cpp">
      <Filter>Source Files</Filter>
    </ClCompile>
    <ClCompile Include="..\..\repos\imguistuff\imgui\imgui_tables.cpp">
      <Filter>Source Files</Filter>
    </ClCompile>
    <ClCompile Include="..\..\repos\imguistuff\imgui\imgui_widgets.cpp">
      <Filter>Source Files</Filter>
    </ClCompile>
    <ClCompile Include="..\..\repos\imguistuff\imgui\backends\imgui_impl_glfw.cpp">
      <Filter>Source Files</Filter>
    </ClCompile>
    <ClCompile Include="..\..\repos\imguistuff\imgui\backends\imgui_impl_vulkan.cpp">
      <Filter>Source Files</Filter>
    </ClCompile>
  </ItemGroup>
  <ItemGroup>
    <None Include="stb_font_consolas_24_latin1.inl">
      <Filter>Header Files</Filter>
    </None>
    <None Include="shaders\compile.sh" />
    <None Include="shaders\layer2.frag" />
    <None Include="shaders\layer2.vert" />
    <None Include="shaders\shader.frag" />
    <None Include="shaders\shader.vert" />
    <None Include="shaders\textoverlay\text.frag" />
    <None Include="shaders\textoverlay\text.vert" />
    <None Include="shaders\linesshader.frag" />
    <None Include="shaders\linesshader.vert" />
    <None Include="shaders\picking.frag" />
    <None Include="shaders\picking.vert" />
    <None Include="shaders\compile.bat" />
    <None Include="shaders\particles.frag" />
    <None Include="shaders\particles.vert" />
    <None Include="shaders\bulletparticles.frag" />
    <None Include="shaders\bulletparticles.vert" />
  </ItemGroup>
  <ItemGroup>
    <ClInclude Include="Actors.h">
      <Filter>Header Files</Filter>
    </ClInclude>
    <ClInclude Include="controller.h">
      <Filter>Header Files</Filter>
    </ClInclude>
    <ClInclude Include="crafting.h">
      <Filter>Header Files</Filter>
    </ClInclude>
    <ClInclude Include="datahelpers.h">
      <Filter>Header Files</Filter>
    </ClInclude>
    <ClInclude Include="kbctrler.h">
      <Filter>Header Files</Filter>
    </ClInclude>
    <ClInclude Include="physics.h">
      <Filter>Header Files</Filter>
    </ClInclude>
    <ClInclude Include="vulkancommandbufferhelpers.h">
      <Filter>Header Files</Filter>
    </ClInclude>
    <ClInclude Include="vulkandescriptorhelpers.h">
      <Filter>Header Files</Filter>
    </ClInclude>
    <ClInclude Include="vulkanhelpers.h">
      <Filter>Header Files</Filter>
    </ClInclude>
    <ClInclude Include="vulkanrenderpipelinehelpers.h">
      <Filter>Header Files</Filter>
    </ClInclude>
    <ClInclude Include="vulkanresourcehelpers.h">
      <Filter>Header Files</Filter>
    </ClInclude>
    <ClInclude Include="vulkansynchelpers.h">
      <Filter>Header Files</Filter>
    </ClInclude>
    <ClInclude Include="vulkantypes.h">
      <Filter>Header Files</Filter>
    </ClInclude>
    <ClInclude Include="logger.hpp">
      <Filter>Header Files</Filter>
    </ClInclude>
    <ClInclude Include="picking.h">
      <Filter>Header Files</Filter>
    </ClInclude>
    <ClInclude Include="particles.h">
      <Filter>Header Files</Filter>
    </ClInclude>
    <ClInclude Include="DebugOverlay.hpp">
      <Filter>Header Files</Filter>
    </ClInclude>
    <ClInclude Include="vulkanapp.h">
      <Filter>Header Files</Filter>
    </ClInclude>
    <ClInclude Include="pipelineconfig.h">
      <Filter>Header Files</Filter>
    </ClInclude>
    <ClInclude Include="appimguilayer.h">
      <Filter>Header Files</Filter>
    </ClInclude>
    <ClInclude Include="vkdevice_impl.h">
      <Filter>Header Files</Filter>
    </ClInclude>
    <ClInclude Include="renderlayer.h">
      <Filter>Header Files</Filter>
    </ClInclude>
    <ClInclude Include="mesh.h">
      <Filter>Header Files</Filter>
    </ClInclude>
  </ItemGroup>
  <ItemGroup>
    <Image Include="textures\ball.png">
      <Filter>Resource Files</Filter>
    </Image>
    <Image Include="textures\blendtest1.jpg">
      <Filter>Resource Files</Filter>
    </Image>
    <Image Include="textures\blendtest1.png">
      <Filter>Resource Files</Filter>
    </Image>
    <Image Include="textures\ground1.png">
      <Filter>Resource Files</Filter>
    </Image>
  </ItemGroup>
</Project>